
Microsoft Visual Studio Solution File, Format Version 12.00
Project("{FAE04EC0-301F-11D3-BF4B-00C04F79EFBC}") = "CodeforcesTasks", "CodeforcesTasks\CodeforcesTasks.csproj", "{5A21D55C-33E2-4F30-AF7E-83399915BD0C}"
EndProject
Project("{FAE04EC0-301F-11D3-BF4B-00C04F79EFBC}") = "TaskTests", "TaskTests\TaskTests.csproj", "{8E56269E-7F91-45B7-83AA-FA39E4AF5E28}"
EndProject
Global
	GlobalSection(SolutionConfigurationPlatforms) = preSolution
		Debug|Any CPU = Debug|Any CPU
		Release|Any CPU = Release|Any CPU
	EndGlobalSection
	GlobalSection(ProjectConfigurationPlatforms) = postSolution
		{5A21D55C-33E2-4F30-AF7E-83399915BD0C}.Debug|Any CPU.ActiveCfg = Debug|Any CPU
		{5A21D55C-33E2-4F30-AF7E-83399915BD0C}.Debug|Any CPU.Build.0 = Debug|Any CPU
		{5A21D55C-33E2-4F30-AF7E-83399915BD0C}.Release|Any CPU.ActiveCfg = Release|Any CPU
		{5A21D55C-33E2-4F30-AF7E-83399915BD0C}.Release|Any CPU.Build.0 = Release|Any CPU
		{8E56269E-7F91-45B7-83AA-FA39E4AF5E28}.Debug|Any CPU.ActiveCfg = Debug|Any CPU
		{8E56269E-7F91-45B7-83AA-FA39E4AF5E28}.Debug|Any CPU.Build.0 = Debug|Any CPU
		{8E56269E-7F91-45B7-83AA-FA39E4AF5E28}.Release|Any CPU.ActiveCfg = Release|Any CPU
		{8E56269E-7F91-45B7-83AA-FA39E4AF5E28}.Release|Any CPU.Build.0 = Release|Any CPU
	EndGlobalSection
EndGlobal
